
Microsoft Visual Studio Solution File, Format Version 12.00
# Visual Studio Version 16
VisualStudioVersion = 16.0.31729.503
MinimumVisualStudioVersion = 10.0.40219.1
Project("{FAE04EC0-301F-11D3-BF4B-00C04F79EFBC}") = "BlazorCyclicalReference", "BlazorCyclicalReference\BlazorCyclicalReference.csproj", "{F11FF689-3C90-48FD-97C4-4F77E46AE035}"
EndProject
Global
	GlobalSection(SolutionConfigurationPlatforms) = preSolution
		Debug|Any CPU = Debug|Any CPU
		Release|Any CPU = Release|Any CPU
	EndGlobalSection
	GlobalSection(ProjectConfigurationPlatforms) = postSolution
		{F11FF689-3C90-48FD-97C4-4F77E46AE035}.Debug|Any CPU.ActiveCfg = Debug|Any CPU
		{F11FF689-3C90-48FD-97C4-4F77E46AE035}.Debug|Any CPU.Build.0 = Debug|Any CPU
		{F11FF689-3C90-48FD-97C4-4F77E46AE035}.Release|Any CPU.ActiveCfg = Release|Any CPU
		{F11FF689-3C90-48FD-97C4-4F77E46AE035}.Release|Any CPU.Build.0 = Release|Any CPU
	EndGlobalSection
	GlobalSection(SolutionProperties) = preSolution
		HideSolutionNode = FALSE
	EndGlobalSection
	GlobalSection(ExtensibilityGlobals) = postSolution
		SolutionGuid = {E2FD96BC-FEE7-4232-A82A-EA5B3BD87739}
	EndGlobalSection
EndGlobal
